{"1.2.0",
[{<<"erpcgen">>,{pkg,<<"erpcgen">>,<<"1.1.1">>},0},
 {<<"procket">>,
  {git,"https://github.com/msantos/procket.git",
       {ref,"f531b951b884972b6eaa619e66113280d79c7830"}},
  0},
 {<<"quickrand">>,{pkg,<<"quickrand">>,<<"1.5.4">>},1},
 {<<"uuid">>,{pkg,<<"uuid_erl">>,<<"1.5.4">>},0}]}.
[
{pkg_hash,[
 {<<"erpcgen">>, <<"E88C82F859A82DA6F066BC8A8FE5CCB44402E7A52E82B71089ED84FD68A5C77D">>},
 {<<"quickrand">>, <<"47ADD4755CC5F209CBEFFD6F47C84061196CD7FAD99FD8FD12418EB0D06B939D">>},
 {<<"uuid">>, <<"06240EFF3EAF013CC22274689B0C1FF6345645EE5D47A9E4ED7545EEB7698B23">>}]},
{pkg_hash_ext,[
 {<<"erpcgen">>, <<"B1BBE31C8A1CC9436DD163F884E5A1B73CFF27E94484551FED002A992A41D7D8">>},
 {<<"quickrand">>, <<"2657DCA4544BF98EC44328F95F2C94A07ACCECE452195C599E43799A760B28B0">>},
 {<<"uuid">>, <<"3DFBD0BDDE98A9BFB2FF8680A0DE919BCB7BD0DF4EC6DEA603A96762A067C7CA">>}]}
].
