[{<<"erpcgen">>,
  {git,"git://github.com/msantos/erpcgen.git",
       {ref,"fdf0ef701aa3b5f2da2f2431ef949158d06d9d0f"}},
  0},
 {<<"procket">>,
  {git,"git://github.com/msantos/procket.git",
       {ref,"ffbb9b631829e2ddf3c7fb5113e9a4e726f032d7"}},
  0},
 {<<"quickrand">>,
  {git,"https://github.com/okeuday/quickrand.git",
       {ref,"177b345e579101512371698569e57382a6411ce6"}},
  1},
 {<<"uuid">>,
  {git,"git://github.com/okeuday/uuid.git",
       {ref,"4b705b22f5d095970558d904e43c4354bd0e0a7f"}},
  0}].
